
Microsoft Visual Studio Solution File, Format Version 12.00
# Visual Studio Version 17
VisualStudioVersion = 17.5.33627.172
MinimumVisualStudioVersion = 10.0.40219.1
Project("{FAE04EC0-301F-11D3-BF4B-00C04F79EFBC}") = "الواجب الخمس", "الواجب الخمس\الواجب الخمس.csproj", "{16BE88DA-5936-4FCB-B49A-4671D8E0A632}"
EndProject
Global
	GlobalSection(SolutionConfigurationPlatforms) = preSolution
		Debug|Any CPU = Debug|Any CPU
		Release|Any CPU = Release|Any CPU
	EndGlobalSection
	GlobalSection(ProjectConfigurationPlatforms) = postSolution
		{16BE88DA-5936-4FCB-B49A-4671D8E0A632}.Debug|Any CPU.ActiveCfg = Debug|Any CPU
		{16BE88DA-5936-4FCB-B49A-4671D8E0A632}.Debug|Any CPU.Build.0 = Debug|Any CPU
		{16BE88DA-5936-4FCB-B49A-4671D8E0A632}.Release|Any CPU.ActiveCfg = Release|Any CPU
		{16BE88DA-5936-4FCB-B49A-4671D8E0A632}.Release|Any CPU.Build.0 = Release|Any CPU
	EndGlobalSection
	GlobalSection(SolutionProperties) = preSolution
		HideSolutionNode = FALSE
	EndGlobalSection
	GlobalSection(ExtensibilityGlobals) = postSolution
		SolutionGuid = {0BC7D831-D118-4C3F-9B11-2EF162591B63}
	EndGlobalSection
EndGlobal
